// !$*UTF8*$!
{
	archiveVersion = 1;
	classes = {
	};
	objectVersion = 56;
	objects = {

/* Begin PBXBuildFile section */
		630EE1D22A801C1700DA332B /* CocktailsApp.swift in Sources */ = {isa = PBXBuildFile; fileRef = 630EE1D12A801C1700DA332B /* CocktailsApp.swift */; };
		630EE1D62A801C1800DA332B /* Assets.xcassets in Resources */ = {isa = PBXBuildFile; fileRef = 630EE1D52A801C1800DA332B /* Assets.xcassets */; };
		630EE1D92A801C1800DA332B /* Preview Assets.xcassets in Resources */ = {isa = PBXBuildFile; fileRef = 630EE1D82A801C1800DA332B /* Preview Assets.xcassets */; };
		630EE1E32A801C1800DA332B /* CocktailAPPTests.swift in Sources */ = {isa = PBXBuildFile; fileRef = 630EE1E22A801C1800DA332B /* CocktailAPPTests.swift */; };
		630EE1ED2A801C1800DA332B /* CocktailAPPUITests.swift in Sources */ = {isa = PBXBuildFile; fileRef = 630EE1EC2A801C1800DA332B /* CocktailAPPUITests.swift */; };
		630EE1EF2A801C1800DA332B /* CocktailAPPUITestsLaunchTests.swift in Sources */ = {isa = PBXBuildFile; fileRef = 630EE1EE2A801C1800DA332B /* CocktailAPPUITestsLaunchTests.swift */; };
		630EE2102A801FD900DA332B /* SplashView.swift in Sources */ = {isa = PBXBuildFile; fileRef = 630EE20F2A801FD900DA332B /* SplashView.swift */; };
		630EE2142A80203B00DA332B /* RootViewModel.swift in Sources */ = {isa = PBXBuildFile; fileRef = 630EE2132A80203B00DA332B /* RootViewModel.swift */; };
		630EE2162A80206A00DA332B /* RepositoryProtocol.swift in Sources */ = {isa = PBXBuildFile; fileRef = 630EE2152A80206A00DA332B /* RepositoryProtocol.swift */; };
		630EE21A2A8020BB00DA332B /* RootView.swift in Sources */ = {isa = PBXBuildFile; fileRef = 630EE2192A8020BB00DA332B /* RootView.swift */; };
/* End PBXBuildFile section */

/* Begin PBXContainerItemProxy section */
		630EE1DF2A801C1800DA332B /* PBXContainerItemProxy */ = {
			isa = PBXContainerItemProxy;
			containerPortal = 630EE1C62A801C1700DA332B /* Project object */;
			proxyType = 1;
			remoteGlobalIDString = 630EE1CD2A801C1700DA332B;
			remoteInfo = CocktailAPP;
		};
		630EE1E92A801C1800DA332B /* PBXContainerItemProxy */ = {
			isa = PBXContainerItemProxy;
			containerPortal = 630EE1C62A801C1700DA332B /* Project object */;
			proxyType = 1;
			remoteGlobalIDString = 630EE1CD2A801C1700DA332B;
			remoteInfo = CocktailAPP;
		};
/* End PBXContainerItemProxy section */

/* Begin PBXFileReference section */
		630EE1CE2A801C1700DA332B /* CocktailAPP.app */ = {isa = PBXFileReference; explicitFileType = wrapper.application; includeInIndex = 0; path = CocktailAPP.app; sourceTree = BUILT_PRODUCTS_DIR; };
		630EE1D12A801C1700DA332B /* CocktailsApp.swift */ = {isa = PBXFileReference; lastKnownFileType = sourcecode.swift; path = CocktailsApp.swift; sourceTree = "<group>"; };
		630EE1D52A801C1800DA332B /* Assets.xcassets */ = {isa = PBXFileReference; lastKnownFileType = folder.assetcatalog; path = Assets.xcassets; sourceTree = "<group>"; };
		630EE1D82A801C1800DA332B /* Preview Assets.xcassets */ = {isa = PBXFileReference; lastKnownFileType = folder.assetcatalog; path = "Preview Assets.xcassets"; sourceTree = "<group>"; };
		630EE1DE2A801C1800DA332B /* CocktailAPPTests.xctest */ = {isa = PBXFileReference; explicitFileType = wrapper.cfbundle; includeInIndex = 0; path = CocktailAPPTests.xctest; sourceTree = BUILT_PRODUCTS_DIR; };
		630EE1E22A801C1800DA332B /* CocktailAPPTests.swift */ = {isa = PBXFileReference; lastKnownFileType = sourcecode.swift; path = CocktailAPPTests.swift; sourceTree = "<group>"; };
		630EE1E82A801C1800DA332B /* CocktailAPPUITests.xctest */ = {isa = PBXFileReference; explicitFileType = wrapper.cfbundle; includeInIndex = 0; path = CocktailAPPUITests.xctest; sourceTree = BUILT_PRODUCTS_DIR; };
		630EE1EC2A801C1800DA332B /* CocktailAPPUITests.swift */ = {isa = PBXFileReference; lastKnownFileType = sourcecode.swift; path = CocktailAPPUITests.swift; sourceTree = "<group>"; };
		630EE1EE2A801C1800DA332B /* CocktailAPPUITestsLaunchTests.swift */ = {isa = PBXFileReference; lastKnownFileType = sourcecode.swift; path = CocktailAPPUITestsLaunchTests.swift; sourceTree = "<group>"; };
		630EE20F2A801FD900DA332B /* SplashView.swift */ = {isa = PBXFileReference; lastKnownFileType = sourcecode.swift; path = SplashView.swift; sourceTree = "<group>"; };
		630EE2132A80203B00DA332B /* RootViewModel.swift */ = {isa = PBXFileReference; lastKnownFileType = sourcecode.swift; path = RootViewModel.swift; sourceTree = "<group>"; };
		630EE2152A80206A00DA332B /* RepositoryProtocol.swift */ = {isa = PBXFileReference; lastKnownFileType = sourcecode.swift; path = RepositoryProtocol.swift; sourceTree = "<group>"; };
		630EE2192A8020BB00DA332B /* RootView.swift */ = {isa = PBXFileReference; lastKnownFileType = sourcecode.swift; path = RootView.swift; sourceTree = "<group>"; };
/* End PBXFileReference section */

/* Begin PBXFrameworksBuildPhase section */
		630EE1CB2A801C1700DA332B /* Frameworks */ = {
			isa = PBXFrameworksBuildPhase;
			buildActionMask = 2147483647;
			files = (
			);
			runOnlyForDeploymentPostprocessing = 0;
		};
		630EE1DB2A801C1800DA332B /* Frameworks */ = {
			isa = PBXFrameworksBuildPhase;
			buildActionMask = 2147483647;
			files = (
			);
			runOnlyForDeploymentPostprocessing = 0;
		};
		630EE1E52A801C1800DA332B /* Frameworks */ = {
			isa = PBXFrameworksBuildPhase;
			buildActionMask = 2147483647;
			files = (
			);
			runOnlyForDeploymentPostprocessing = 0;
		};
/* End PBXFrameworksBuildPhase section */

/* Begin PBXGroup section */
		630EE1C52A801C1700DA332B = {
			isa = PBXGroup;
			children = (
				630EE1D02A801C1700DA332B /* CocktailAPP */,
				630EE1E12A801C1800DA332B /* CocktailAPPTests */,
				630EE1EB2A801C1800DA332B /* CocktailAPPUITests */,
				630EE1CF2A801C1700DA332B /* Products */,
			);
			sourceTree = "<group>";
		};
		630EE1CF2A801C1700DA332B /* Products */ = {
			isa = PBXGroup;
			children = (
				630EE1CE2A801C1700DA332B /* CocktailAPP.app */,
				630EE1DE2A801C1800DA332B /* CocktailAPPTests.xctest */,
				630EE1E82A801C1800DA332B /* CocktailAPPUITests.xctest */,
			);
			name = Products;
			sourceTree = "<group>";
		};
		630EE1D02A801C1700DA332B /* CocktailAPP */ = {
			isa = PBXGroup;
			children = (
				630EE1FB2A801C9500DA332B /* Data */,
				630EE1FC2A801C9F00DA332B /* Domain */,
				630EE1FD2A801CA400DA332B /* Presentation */,
				630EE1FE2A801CAB00DA332B /* App */,
			);
			path = CocktailAPP;
			sourceTree = "<group>";
		};
		630EE1D72A801C1800DA332B /* Preview Content */ = {
			isa = PBXGroup;
			children = (
				630EE1D82A801C1800DA332B /* Preview Assets.xcassets */,
			);
			path = "Preview Content";
			sourceTree = "<group>";
		};
		630EE1E12A801C1800DA332B /* CocktailAPPTests */ = {
			isa = PBXGroup;
			children = (
				630EE1E22A801C1800DA332B /* CocktailAPPTests.swift */,
			);
			path = CocktailAPPTests;
			sourceTree = "<group>";
		};
		630EE1EB2A801C1800DA332B /* CocktailAPPUITests */ = {
			isa = PBXGroup;
			children = (
				630EE1EC2A801C1800DA332B /* CocktailAPPUITests.swift */,
				630EE1EE2A801C1800DA332B /* CocktailAPPUITestsLaunchTests.swift */,
			);
			path = CocktailAPPUITests;
			sourceTree = "<group>";
		};
		630EE1FB2A801C9500DA332B /* Data */ = {
			isa = PBXGroup;
			children = (
				630EE2022A801D2C00DA332B /* Remote */,
				630EE2012A801D1E00DA332B /* Mapper */,
			);
			path = Data;
			sourceTree = "<group>";
		};
		630EE1FC2A801C9F00DA332B /* Domain */ = {
			isa = PBXGroup;
			children = (
				630EE2072A801D8F00DA332B /* Models */,
				630EE2062A801D8C00DA332B /* Procotols */,
			);
			path = Domain;
			sourceTree = "<group>";
		};
		630EE1FD2A801CA400DA332B /* Presentation */ = {
			isa = PBXGroup;
			children = (
				630EE2122A80203100DA332B /* Root */,
				630EE2112A80200800DA332B /* Splash */,
				630EE2002A801CE000DA332B /* Resources */,
			);
			path = Presentation;
			sourceTree = "<group>";
		};
		630EE1FE2A801CAB00DA332B /* App */ = {
			isa = PBXGroup;
			children = (
				630EE1FF2A801CBB00DA332B /* Resources */,
				630EE1D12A801C1700DA332B /* CocktailsApp.swift */,
			);
			path = App;
			sourceTree = "<group>";
		};
		630EE1FF2A801CBB00DA332B /* Resources */ = {
			isa = PBXGroup;
			children = (
				630EE1D52A801C1800DA332B /* Assets.xcassets */,
			);
			path = Resources;
			sourceTree = "<group>";
		};
		630EE2002A801CE000DA332B /* Resources */ = {
			isa = PBXGroup;
			children = (
				630EE1D72A801C1800DA332B /* Preview Content */,
			);
			path = Resources;
			sourceTree = "<group>";
		};
		630EE2012A801D1E00DA332B /* Mapper */ = {
			isa = PBXGroup;
			children = (
			);
			path = Mapper;
			sourceTree = "<group>";
		};
		630EE2022A801D2C00DA332B /* Remote */ = {
			isa = PBXGroup;
			children = (
				630EE2052A801D4C00DA332B /* Datasource */,
				630EE2042A801D3A00DA332B /* Models */,
				630EE2032A801D3600DA332B /* Protocols */,
			);
			path = Remote;
			sourceTree = "<group>";
		};
		630EE2032A801D3600DA332B /* Protocols */ = {
			isa = PBXGroup;
			children = (
			);
			path = Protocols;
			sourceTree = "<group>";
		};
		630EE2042A801D3A00DA332B /* Models */ = {
			isa = PBXGroup;
			children = (
			);
			path = Models;
			sourceTree = "<group>";
		};
		630EE2052A801D4C00DA332B /* Datasource */ = {
			isa = PBXGroup;
			children = (
			);
			path = Datasource;
			sourceTree = "<group>";
		};
		630EE2062A801D8C00DA332B /* Procotols */ = {
			isa = PBXGroup;
			children = (
				630EE2152A80206A00DA332B /* RepositoryProtocol.swift */,
			);
			path = Procotols;
			sourceTree = "<group>";
		};
		630EE2072A801D8F00DA332B /* Models */ = {
			isa = PBXGroup;
			children = (
			);
			path = Models;
			sourceTree = "<group>";
		};
		630EE2112A80200800DA332B /* Splash */ = {
			isa = PBXGroup;
			children = (
				630EE20F2A801FD900DA332B /* SplashView.swift */,
			);
			path = Splash;
			sourceTree = "<group>";
		};
		630EE2122A80203100DA332B /* Root */ = {
			isa = PBXGroup;
			children = (
				630EE2192A8020BB00DA332B /* RootView.swift */,
				630EE2132A80203B00DA332B /* RootViewModel.swift */,
			);
			path = Root;
			sourceTree = "<group>";
		};
/* End PBXGroup section */

/* Begin PBXNativeTarget section */
		630EE1CD2A801C1700DA332B /* CocktailAPP */ = {
			isa = PBXNativeTarget;
			buildConfigurationList = 630EE1F22A801C1800DA332B /* Build configuration list for PBXNativeTarget "CocktailAPP" */;
			buildPhases = (
				630EE1CA2A801C1700DA332B /* Sources */,
				630EE1CB2A801C1700DA332B /* Frameworks */,
				630EE1CC2A801C1700DA332B /* Resources */,
			);
			buildRules = (
			);
			dependencies = (
			);
			name = CocktailAPP;
			productName = CocktailAPP;
			productReference = 630EE1CE2A801C1700DA332B /* CocktailAPP.app */;
			productType = "com.apple.product-type.application";
		};
		630EE1DD2A801C1800DA332B /* CocktailAPPTests */ = {
			isa = PBXNativeTarget;
			buildConfigurationList = 630EE1F52A801C1800DA332B /* Build configuration list for PBXNativeTarget "CocktailAPPTests" */;
			buildPhases = (
				630EE1DA2A801C1800DA332B /* Sources */,
				630EE1DB2A801C1800DA332B /* Frameworks */,
				630EE1DC2A801C1800DA332B /* Resources */,
			);
			buildRules = (
			);
			dependencies = (
				630EE1E02A801C1800DA332B /* PBXTargetDependency */,
			);
			name = CocktailAPPTests;
			productName = CocktailAPPTests;
			productReference = 630EE1DE2A801C1800DA332B /* CocktailAPPTests.xctest */;
			productType = "com.apple.product-type.bundle.unit-test";
		};
		630EE1E72A801C1800DA332B /* CocktailAPPUITests */ = {
			isa = PBXNativeTarget;
			buildConfigurationList = 630EE1F82A801C1800DA332B /* Build configuration list for PBXNativeTarget "CocktailAPPUITests" */;
			buildPhases = (
				630EE1E42A801C1800DA332B /* Sources */,
				630EE1E52A801C1800DA332B /* Frameworks */,
				630EE1E62A801C1800DA332B /* Resources */,
			);
			buildRules = (
			);
			dependencies = (
				630EE1EA2A801C1800DA332B /* PBXTargetDependency */,
			);
			name = CocktailAPPUITests;
			productName = CocktailAPPUITests;
			productReference = 630EE1E82A801C1800DA332B /* CocktailAPPUITests.xctest */;
			productType = "com.apple.product-type.bundle.ui-testing";
		};
/* End PBXNativeTarget section */

/* Begin PBXProject section */
		630EE1C62A801C1700DA332B /* Project object */ = {
			isa = PBXProject;
			attributes = {
				BuildIndependentTargetsInParallel = 1;
				LastSwiftUpdateCheck = 1430;
				LastUpgradeCheck = 1430;
				TargetAttributes = {
					630EE1CD2A801C1700DA332B = {
						CreatedOnToolsVersion = 14.3.1;
					};
					630EE1DD2A801C1800DA332B = {
						CreatedOnToolsVersion = 14.3.1;
						TestTargetID = 630EE1CD2A801C1700DA332B;
					};
					630EE1E72A801C1800DA332B = {
						CreatedOnToolsVersion = 14.3.1;
						TestTargetID = 630EE1CD2A801C1700DA332B;
					};
				};
			};
			buildConfigurationList = 630EE1C92A801C1700DA332B /* Build configuration list for PBXProject "CocktailAPP" */;
			compatibilityVersion = "Xcode 14.0";
			developmentRegion = en;
			hasScannedForEncodings = 0;
			knownRegions = (
				en,
				Base,
			);
			mainGroup = 630EE1C52A801C1700DA332B;
			productRefGroup = 630EE1CF2A801C1700DA332B /* Products */;
			projectDirPath = "";
			projectRoot = "";
			targets = (
				630EE1CD2A801C1700DA332B /* CocktailAPP */,
				630EE1DD2A801C1800DA332B /* CocktailAPPTests */,
				630EE1E72A801C1800DA332B /* CocktailAPPUITests */,
			);
		};
/* End PBXProject section */

/* Begin PBXResourcesBuildPhase section */
		630EE1CC2A801C1700DA332B /* Resources */ = {
			isa = PBXResourcesBuildPhase;
			buildActionMask = 2147483647;
			files = (
				630EE1D92A801C1800DA332B /* Preview Assets.xcassets in Resources */,
				630EE1D62A801C1800DA332B /* Assets.xcassets in Resources */,
			);
			runOnlyForDeploymentPostprocessing = 0;
		};
		630EE1DC2A801C1800DA332B /* Resources */ = {
			isa = PBXResourcesBuildPhase;
			buildActionMask = 2147483647;
			files = (
			);
			runOnlyForDeploymentPostprocessing = 0;
		};
		630EE1E62A801C1800DA332B /* Resources */ = {
			isa = PBXResourcesBuildPhase;
			buildActionMask = 2147483647;
			files = (
			);
			runOnlyForDeploymentPostprocessing = 0;
		};
/* End PBXResourcesBuildPhase section */

/* Begin PBXSourcesBuildPhase section */
		630EE1CA2A801C1700DA332B /* Sources */ = {
			isa = PBXSourcesBuildPhase;
			buildActionMask = 2147483647;
			files = (
				630EE1D22A801C1700DA332B /* CocktailsApp.swift in Sources */,
				630EE2162A80206A00DA332B /* RepositoryProtocol.swift in Sources */,
				630EE2102A801FD900DA332B /* SplashView.swift in Sources */,
				630EE2142A80203B00DA332B /* RootViewModel.swift in Sources */,
				630EE21A2A8020BB00DA332B /* RootView.swift in Sources */,
			);
			runOnlyForDeploymentPostprocessing = 0;
		};
		630EE1DA2A801C1800DA332B /* Sources */ = {
			isa = PBXSourcesBuildPhase;
			buildActionMask = 2147483647;
			files = (
				630EE1E32A801C1800DA332B /* CocktailAPPTests.swift in Sources */,
			);
			runOnlyForDeploymentPostprocessing = 0;
		};
		630EE1E42A801C1800DA332B /* Sources */ = {
			isa = PBXSourcesBuildPhase;
			buildActionMask = 2147483647;
			files = (
				630EE1EF2A801C1800DA332B /* CocktailAPPUITestsLaunchTests.swift in Sources */,
				630EE1ED2A801C1800DA332B /* CocktailAPPUITests.swift in Sources */,
			);
			runOnlyForDeploymentPostprocessing = 0;
		};
/* End PBXSourcesBuildPhase section */

/* Begin PBXTargetDependency section */
		630EE1E02A801C1800DA332B /* PBXTargetDependency */ = {
			isa = PBXTargetDependency;
			target = 630EE1CD2A801C1700DA332B /* CocktailAPP */;
			targetProxy = 630EE1DF2A801C1800DA332B /* PBXContainerItemProxy */;
		};
		630EE1EA2A801C1800DA332B /* PBXTargetDependency */ = {
			isa = PBXTargetDependency;
			target = 630EE1CD2A801C1700DA332B /* CocktailAPP */;
			targetProxy = 630EE1E92A801C1800DA332B /* PBXContainerItemProxy */;
		};
/* End PBXTargetDependency section */

/* Begin XCBuildConfiguration section */
		630EE1F02A801C1800DA332B /* Debug */ = {
			isa = XCBuildConfiguration;
			buildSettings = {
				ALWAYS_SEARCH_USER_PATHS = NO;
				CLANG_ANALYZER_NONNULL = YES;
				CLANG_ANALYZER_NUMBER_OBJECT_CONVERSION = YES_AGGRESSIVE;
				CLANG_CXX_LANGUAGE_STANDARD = "gnu++20";
				CLANG_ENABLE_MODULES = YES;
				CLANG_ENABLE_OBJC_ARC = YES;
				CLANG_ENABLE_OBJC_WEAK = YES;
				CLANG_WARN_BLOCK_CAPTURE_AUTORELEASING = YES;
				CLANG_WARN_BOOL_CONVERSION = YES;
				CLANG_WARN_COMMA = YES;
				CLANG_WARN_CONSTANT_CONVERSION = YES;
				CLANG_WARN_DEPRECATED_OBJC_IMPLEMENTATIONS = YES;
				CLANG_WARN_DIRECT_OBJC_ISA_USAGE = YES_ERROR;
				CLANG_WARN_DOCUMENTATION_COMMENTS = YES;
				CLANG_WARN_EMPTY_BODY = YES;
				CLANG_WARN_ENUM_CONVERSION = YES;
				CLANG_WARN_INFINITE_RECURSION = YES;
				CLANG_WARN_INT_CONVERSION = YES;
				CLANG_WARN_NON_LITERAL_NULL_CONVERSION = YES;
				CLANG_WARN_OBJC_IMPLICIT_RETAIN_SELF = YES;
				CLANG_WARN_OBJC_LITERAL_CONVERSION = YES;
				CLANG_WARN_OBJC_ROOT_CLASS = YES_ERROR;
				CLANG_WARN_QUOTED_INCLUDE_IN_FRAMEWORK_HEADER = YES;
				CLANG_WARN_RANGE_LOOP_ANALYSIS = YES;
				CLANG_WARN_STRICT_PROTOTYPES = YES;
				CLANG_WARN_SUSPICIOUS_MOVE = YES;
				CLANG_WARN_UNGUARDED_AVAILABILITY = YES_AGGRESSIVE;
				CLANG_WARN_UNREACHABLE_CODE = YES;
				CLANG_WARN__DUPLICATE_METHOD_MATCH = YES;
				COPY_PHASE_STRIP = NO;
				DEBUG_INFORMATION_FORMAT = dwarf;
				ENABLE_STRICT_OBJC_MSGSEND = YES;
				ENABLE_TESTABILITY = YES;
				GCC_C_LANGUAGE_STANDARD = gnu11;
				GCC_DYNAMIC_NO_PIC = NO;
				GCC_NO_COMMON_BLOCKS = YES;
				GCC_OPTIMIZATION_LEVEL = 0;
				GCC_PREPROCESSOR_DEFINITIONS = (
					"DEBUG=1",
					"$(inherited)",
				);
				GCC_WARN_64_TO_32_BIT_CONVERSION = YES;
				GCC_WARN_ABOUT_RETURN_TYPE = YES_ERROR;
				GCC_WARN_UNDECLARED_SELECTOR = YES;
				GCC_WARN_UNINITIALIZED_AUTOS = YES_AGGRESSIVE;
				GCC_WARN_UNUSED_FUNCTION = YES;
				GCC_WARN_UNUSED_VARIABLE = YES;
				IPHONEOS_DEPLOYMENT_TARGET = 16.4;
				MTL_ENABLE_DEBUG_INFO = INCLUDE_SOURCE;
				MTL_FAST_MATH = YES;
				ONLY_ACTIVE_ARCH = YES;
				SDKROOT = iphoneos;
				SWIFT_ACTIVE_COMPILATION_CONDITIONS = DEBUG;
				SWIFT_OPTIMIZATION_LEVEL = "-Onone";
			};
			name = Debug;
		};
		630EE1F12A801C1800DA332B /* Release */ = {
			isa = XCBuildConfiguration;
			buildSettings = {
				ALWAYS_SEARCH_USER_PATHS = NO;
				CLANG_ANALYZER_NONNULL = YES;
				CLANG_ANALYZER_NUMBER_OBJECT_CONVERSION = YES_AGGRESSIVE;
				CLANG_CXX_LANGUAGE_STANDARD = "gnu++20";
				CLANG_ENABLE_MODULES = YES;
				CLANG_ENABLE_OBJC_ARC = YES;
				CLANG_ENABLE_OBJC_WEAK = YES;
				CLANG_WARN_BLOCK_CAPTURE_AUTORELEASING = YES;
				CLANG_WARN_BOOL_CONVERSION = YES;
				CLANG_WARN_COMMA = YES;
				CLANG_WARN_CONSTANT_CONVERSION = YES;
				CLANG_WARN_DEPRECATED_OBJC_IMPLEMENTATIONS = YES;
				CLANG_WARN_DIRECT_OBJC_ISA_USAGE = YES_ERROR;
				CLANG_WARN_DOCUMENTATION_COMMENTS = YES;
				CLANG_WARN_EMPTY_BODY = YES;
				CLANG_WARN_ENUM_CONVERSION = YES;
				CLANG_WARN_INFINITE_RECURSION = YES;
				CLANG_WARN_INT_CONVERSION = YES;
				CLANG_WARN_NON_LITERAL_NULL_CONVERSION = YES;
				CLANG_WARN_OBJC_IMPLICIT_RETAIN_SELF = YES;
				CLANG_WARN_OBJC_LITERAL_CONVERSION = YES;
				CLANG_WARN_OBJC_ROOT_CLASS = YES_ERROR;
				CLANG_WARN_QUOTED_INCLUDE_IN_FRAMEWORK_HEADER = YES;
				CLANG_WARN_RANGE_LOOP_ANALYSIS = YES;
				CLANG_WARN_STRICT_PROTOTYPES = YES;
				CLANG_WARN_SUSPICIOUS_MOVE = YES;
				CLANG_WARN_UNGUARDED_AVAILABILITY = YES_AGGRESSIVE;
				CLANG_WARN_UNREACHABLE_CODE = YES;
				CLANG_WARN__DUPLICATE_METHOD_MATCH = YES;
				COPY_PHASE_STRIP = NO;
				DEBUG_INFORMATION_FORMAT = "dwarf-with-dsym";
				ENABLE_NS_ASSERTIONS = NO;
				ENABLE_STRICT_OBJC_MSGSEND = YES;
				GCC_C_LANGUAGE_STANDARD = gnu11;
				GCC_NO_COMMON_BLOCKS = YES;
				GCC_WARN_64_TO_32_BIT_CONVERSION = YES;
				GCC_WARN_ABOUT_RETURN_TYPE = YES_ERROR;
				GCC_WARN_UNDECLARED_SELECTOR = YES;
				GCC_WARN_UNINITIALIZED_AUTOS = YES_AGGRESSIVE;
				GCC_WARN_UNUSED_FUNCTION = YES;
				GCC_WARN_UNUSED_VARIABLE = YES;
				IPHONEOS_DEPLOYMENT_TARGET = 16.4;
				MTL_ENABLE_DEBUG_INFO = NO;
				MTL_FAST_MATH = YES;
				SDKROOT = iphoneos;
				SWIFT_COMPILATION_MODE = wholemodule;
				SWIFT_OPTIMIZATION_LEVEL = "-O";
				VALIDATE_PRODUCT = YES;
			};
			name = Release;
		};
		630EE1F32A801C1800DA332B /* Debug */ = {
			isa = XCBuildConfiguration;
			buildSettings = {
				ASSETCATALOG_COMPILER_APPICON_NAME = AppIcon;
				ASSETCATALOG_COMPILER_GLOBAL_ACCENT_COLOR_NAME = AccentColor;
				CODE_SIGN_STYLE = Automatic;
				CURRENT_PROJECT_VERSION = 1;
				DEVELOPMENT_ASSET_PATHS = "\"CocktailAPP/Presentation/Resources/Preview Content\"";
				DEVELOPMENT_TEAM = 44GU75538Y;
				ENABLE_PREVIEWS = YES;
				GENERATE_INFOPLIST_FILE = YES;
				INFOPLIST_KEY_UIApplicationSceneManifest_Generation = YES;
				INFOPLIST_KEY_UIApplicationSupportsIndirectInputEvents = YES;
				INFOPLIST_KEY_UILaunchScreen_Generation = YES;
				INFOPLIST_KEY_UISupportedInterfaceOrientations_iPad = "UIInterfaceOrientationPortrait UIInterfaceOrientationPortraitUpsideDown UIInterfaceOrientationLandscapeLeft UIInterfaceOrientationLandscapeRight";
				INFOPLIST_KEY_UISupportedInterfaceOrientations_iPhone = "UIInterfaceOrientationPortrait UIInterfaceOrientationLandscapeLeft UIInterfaceOrientationLandscapeRight";
				LD_RUNPATH_SEARCH_PATHS = (
					"$(inherited)",
					"@executable_path/Frameworks",
				);
				MARKETING_VERSION = 1.0;
				PRODUCT_BUNDLE_IDENTIFIER = com.ancabdia.CocktailAPP;
				PRODUCT_NAME = "$(TARGET_NAME)";
				SWIFT_EMIT_LOC_STRINGS = YES;
				SWIFT_VERSION = 5.0;
				TARGETED_DEVICE_FAMILY = "1,2";
			};
			name = Debug;
		};
		630EE1F42A801C1800DA332B /* Release */ = {
			isa = XCBuildConfiguration;
			buildSettings = {
				ASSETCATALOG_COMPILER_APPICON_NAME = AppIcon;
				ASSETCATALOG_COMPILER_GLOBAL_ACCENT_COLOR_NAME = AccentColor;
				CODE_SIGN_STYLE = Automatic;
				CURRENT_PROJECT_VERSION = 1;
				DEVELOPMENT_ASSET_PATHS = "\"CocktailAPP/Presentation/Resources/Preview Content\"";
				DEVELOPMENT_TEAM = 44GU75538Y;
				ENABLE_PREVIEWS = YES;
				GENERATE_INFOPLIST_FILE = YES;
				INFOPLIST_KEY_UIApplicationSceneManifest_Generation = YES;
				INFOPLIST_KEY_UIApplicationSupportsIndirectInputEvents = YES;
				INFOPLIST_KEY_UILaunchScreen_Generation = YES;
				INFOPLIST_KEY_UISupportedInterfaceOrientations_iPad = "UIInterfaceOrientationPortrait UIInterfaceOrientationPortraitUpsideDown UIInterfaceOrientationLandscapeLeft UIInterfaceOrientationLandscapeRight";
				INFOPLIST_KEY_UISupportedInterfaceOrientations_iPhone = "UIInterfaceOrientationPortrait UIInterfaceOrientationLandscapeLeft UIInterfaceOrientationLandscapeRight";
				LD_RUNPATH_SEARCH_PATHS = (
					"$(inherited)",
					"@executable_path/Frameworks",
				);
				MARKETING_VERSION = 1.0;
				PRODUCT_BUNDLE_IDENTIFIER = com.ancabdia.CocktailAPP;
				PRODUCT_NAME = "$(TARGET_NAME)";
				SWIFT_EMIT_LOC_STRINGS = YES;
				SWIFT_VERSION = 5.0;
				TARGETED_DEVICE_FAMILY = "1,2";
			};
			name = Release;
		};
		630EE1F62A801C1800DA332B /* Debug */ = {
			isa = XCBuildConfiguration;
			buildSettings = {
				ALWAYS_EMBED_SWIFT_STANDARD_LIBRARIES = YES;
				BUNDLE_LOADER = "$(TEST_HOST)";
				CODE_SIGN_STYLE = Automatic;
				CURRENT_PROJECT_VERSION = 1;
				DEVELOPMENT_TEAM = 44GU75538Y;
				GENERATE_INFOPLIST_FILE = YES;
				IPHONEOS_DEPLOYMENT_TARGET = 16.4;
				MARKETING_VERSION = 1.0;
				PRODUCT_BUNDLE_IDENTIFIER = com.ancabdia.CocktailAPPTests;
				PRODUCT_NAME = "$(TARGET_NAME)";
				SWIFT_EMIT_LOC_STRINGS = NO;
				SWIFT_VERSION = 5.0;
				TARGETED_DEVICE_FAMILY = "1,2";
				TEST_HOST = "$(BUILT_PRODUCTS_DIR)/CocktailAPP.app/$(BUNDLE_EXECUTABLE_FOLDER_PATH)/CocktailAPP";
			};
			name = Debug;
		};
		630EE1F72A801C1800DA332B /* Release */ = {
			isa = XCBuildConfiguration;
			buildSettings = {
				ALWAYS_EMBED_SWIFT_STANDARD_LIBRARIES = YES;
				BUNDLE_LOADER = "$(TEST_HOST)";
				CODE_SIGN_STYLE = Automatic;
				CURRENT_PROJECT_VERSION = 1;
				DEVELOPMENT_TEAM = 44GU75538Y;
				GENERATE_INFOPLIST_FILE = YES;
				IPHONEOS_DEPLOYMENT_TARGET = 16.4;
				MARKETING_VERSION = 1.0;
				PRODUCT_BUNDLE_IDENTIFIER = com.ancabdia.CocktailAPPTests;
				PRODUCT_NAME = "$(TARGET_NAME)";
				SWIFT_EMIT_LOC_STRINGS = NO;
				SWIFT_VERSION = 5.0;
				TARGETED_DEVICE_FAMILY = "1,2";
				TEST_HOST = "$(BUILT_PRODUCTS_DIR)/CocktailAPP.app/$(BUNDLE_EXECUTABLE_FOLDER_PATH)/CocktailAPP";
			};
			name = Release;
		};
		630EE1F92A801C1800DA332B /* Debug */ = {
			isa = XCBuildConfiguration;
			buildSettings = {
				ALWAYS_EMBED_SWIFT_STANDARD_LIBRARIES = YES;
				CODE_SIGN_STYLE = Automatic;
				CURRENT_PROJECT_VERSION = 1;
				DEVELOPMENT_TEAM = 44GU75538Y;
				GENERATE_INFOPLIST_FILE = YES;
				MARKETING_VERSION = 1.0;
				PRODUCT_BUNDLE_IDENTIFIER = com.ancabdia.CocktailAPPUITests;
				PRODUCT_NAME = "$(TARGET_NAME)";
				SWIFT_EMIT_LOC_STRINGS = NO;
				SWIFT_VERSION = 5.0;
				TARGETED_DEVICE_FAMILY = "1,2";
				TEST_TARGET_NAME = CocktailAPP;
			};
			name = Debug;
		};
		630EE1FA2A801C1800DA332B /* Release */ = {
			isa = XCBuildConfiguration;
			buildSettings = {
				ALWAYS_EMBED_SWIFT_STANDARD_LIBRARIES = YES;
				CODE_SIGN_STYLE = Automatic;
				CURRENT_PROJECT_VERSION = 1;
				DEVELOPMENT_TEAM = 44GU75538Y;
				GENERATE_INFOPLIST_FILE = YES;
				MARKETING_VERSION = 1.0;
				PRODUCT_BUNDLE_IDENTIFIER = com.ancabdia.CocktailAPPUITests;
				PRODUCT_NAME = "$(TARGET_NAME)";
				SWIFT_EMIT_LOC_STRINGS = NO;
				SWIFT_VERSION = 5.0;
				TARGETED_DEVICE_FAMILY = "1,2";
				TEST_TARGET_NAME = CocktailAPP;
			};
			name = Release;
		};
/* End XCBuildConfiguration section */

/* Begin XCConfigurationList section */
		630EE1C92A801C1700DA332B /* Build configuration list for PBXProject "CocktailAPP" */ = {
			isa = XCConfigurationList;
			buildConfigurations = (
				630EE1F02A801C1800DA332B /* Debug */,
				630EE1F12A801C1800DA332B /* Release */,
			);
			defaultConfigurationIsVisible = 0;
			defaultConfigurationName = Release;
		};
		630EE1F22A801C1800DA332B /* Build configuration list for PBXNativeTarget "CocktailAPP" */ = {
			isa = XCConfigurationList;
			buildConfigurations = (
				630EE1F32A801C1800DA332B /* Debug */,
				630EE1F42A801C1800DA332B /* Release */,
			);
			defaultConfigurationIsVisible = 0;
			defaultConfigurationName = Release;
		};
		630EE1F52A801C1800DA332B /* Build configuration list for PBXNativeTarget "CocktailAPPTests" */ = {
			isa = XCConfigurationList;
			buildConfigurations = (
				630EE1F62A801C1800DA332B /* Debug */,
				630EE1F72A801C1800DA332B /* Release */,
			);
			defaultConfigurationIsVisible = 0;
			defaultConfigurationName = Release;
		};
		630EE1F82A801C1800DA332B /* Build configuration list for PBXNativeTarget "CocktailAPPUITests" */ = {
			isa = XCConfigurationList;
			buildConfigurations = (
				630EE1F92A801C1800DA332B /* Debug */,
				630EE1FA2A801C1800DA332B /* Release */,
			);
			defaultConfigurationIsVisible = 0;
			defaultConfigurationName = Release;
		};
/* End XCConfigurationList section */
	};
	rootObject = 630EE1C62A801C1700DA332B /* Project object */;
}
